
Microsoft Visual Studio Solution File, Format Version 12.00
# Visual Studio Version 17
VisualStudioVersion = 17.4.33110.190
MinimumVisualStudioVersion = 10.0.40219.1
Project("{9A19103F-16F7-4668-BE54-9A1E7A4F7556}") = "RgbXmasTree", "RgbXmasTree\RgbXmasTree.csproj", "{8D333A1E-55C4-4493-97F5-152E66A9DED4}"
EndProject
Project("{9A19103F-16F7-4668-BE54-9A1E7A4F7556}") = "RGB", "RGB\RGB.csproj", "{502108B4-E10B-4B85-B090-F86985BA6530}"
EndProject
Project("{9A19103F-16F7-4668-BE54-9A1E7A4F7556}") = "RandomSparkles", "RandomSparkles\RandomSparkles.csproj", "{7BD67489-E8C9-4C3A-9075-764F704F303B}"
EndProject
Project("{9A19103F-16F7-4668-BE54-9A1E7A4F7556}") = "Tinsel", "Count\Tinsel.csproj", "{CD20CF12-0E80-46C6-9D77-8E09BE916370}"
EndProject
Global
	GlobalSection(SolutionConfigurationPlatforms) = preSolution
		Debug|Any CPU = Debug|Any CPU
		Release|Any CPU = Release|Any CPU
	EndGlobalSection
	GlobalSection(ProjectConfigurationPlatforms) = postSolution
		{8D333A1E-55C4-4493-97F5-152E66A9DED4}.Debug|Any CPU.ActiveCfg = Debug|Any CPU
		{8D333A1E-55C4-4493-97F5-152E66A9DED4}.Debug|Any CPU.Build.0 = Debug|Any CPU
		{8D333A1E-55C4-4493-97F5-152E66A9DED4}.Release|Any CPU.ActiveCfg = Release|Any CPU
		{8D333A1E-55C4-4493-97F5-152E66A9DED4}.Release|Any CPU.Build.0 = Release|Any CPU
		{502108B4-E10B-4B85-B090-F86985BA6530}.Debug|Any CPU.ActiveCfg = Debug|Any CPU
		{502108B4-E10B-4B85-B090-F86985BA6530}.Debug|Any CPU.Build.0 = Debug|Any CPU
		{502108B4-E10B-4B85-B090-F86985BA6530}.Release|Any CPU.ActiveCfg = Release|Any CPU
		{502108B4-E10B-4B85-B090-F86985BA6530}.Release|Any CPU.Build.0 = Release|Any CPU
		{7BD67489-E8C9-4C3A-9075-764F704F303B}.Debug|Any CPU.ActiveCfg = Debug|Any CPU
		{7BD67489-E8C9-4C3A-9075-764F704F303B}.Debug|Any CPU.Build.0 = Debug|Any CPU
		{7BD67489-E8C9-4C3A-9075-764F704F303B}.Release|Any CPU.ActiveCfg = Release|Any CPU
		{7BD67489-E8C9-4C3A-9075-764F704F303B}.Release|Any CPU.Build.0 = Release|Any CPU
		{CD20CF12-0E80-46C6-9D77-8E09BE916370}.Debug|Any CPU.ActiveCfg = Debug|Any CPU
		{CD20CF12-0E80-46C6-9D77-8E09BE916370}.Debug|Any CPU.Build.0 = Debug|Any CPU
		{CD20CF12-0E80-46C6-9D77-8E09BE916370}.Release|Any CPU.ActiveCfg = Release|Any CPU
		{CD20CF12-0E80-46C6-9D77-8E09BE916370}.Release|Any CPU.Build.0 = Release|Any CPU
	EndGlobalSection
	GlobalSection(SolutionProperties) = preSolution
		HideSolutionNode = FALSE
	EndGlobalSection
	GlobalSection(ExtensibilityGlobals) = postSolution
		SolutionGuid = {C5C9C1BB-6538-40B6-989F-6C76C0B38C5C}
	EndGlobalSection
EndGlobal
